// !$*UTF8*$!
{
	archiveVersion = 1;
	classes = {
	};
	objectVersion = 56;
	objects = {

/* Begin PBXBuildFile section */
		3B03E90F2A9606270040BC5C /* AppDelegate.swift in Sources */ = {isa = PBXBuildFile; fileRef = 3B03E90E2A9606270040BC5C /* AppDelegate.swift */; };
		3B03E9112A9606270040BC5C /* SceneDelegate.swift in Sources */ = {isa = PBXBuildFile; fileRef = 3B03E9102A9606270040BC5C /* SceneDelegate.swift */; };
		3B03E9132A9606270040BC5C /* ContactListViewController.swift in Sources */ = {isa = PBXBuildFile; fileRef = 3B03E9122A9606270040BC5C /* ContactListViewController.swift */; };
		3B03E9162A9606270040BC5C /* Main.storyboard in Resources */ = {isa = PBXBuildFile; fileRef = 3B03E9142A9606270040BC5C /* Main.storyboard */; };
		3B03E9182A9606280040BC5C /* Assets.xcassets in Resources */ = {isa = PBXBuildFile; fileRef = 3B03E9172A9606280040BC5C /* Assets.xcassets */; };
		3B03E91B2A9606280040BC5C /* LaunchScreen.storyboard in Resources */ = {isa = PBXBuildFile; fileRef = 3B03E9192A9606280040BC5C /* LaunchScreen.storyboard */; };
		3B03E9232A9606590040BC5C /* DataStore.swift in Sources */ = {isa = PBXBuildFile; fileRef = 3B03E9222A9606590040BC5C /* DataStore.swift */; };
		3B03E9252A9606700040BC5C /* Contact.swift in Sources */ = {isa = PBXBuildFile; fileRef = 3B03E9242A9606700040BC5C /* Contact.swift */; };
		3B03E92E2A9648AC0040BC5C /* DetailedContactListViewController.swift in Sources */ = {isa = PBXBuildFile; fileRef = 3B03E92D2A9648AC0040BC5C /* DetailedContactListViewController.swift */; };
		3B7576522A96574700C9F00D /* InitialViewController.swift in Sources */ = {isa = PBXBuildFile; fileRef = 3B7576512A96574700C9F00D /* InitialViewController.swift */; };
		3B7576562A9664FA00C9F00D /* ContactDetailsViewController.swift in Sources */ = {isa = PBXBuildFile; fileRef = 3B7576552A9664FA00C9F00D /* ContactDetailsViewController.swift */; };
/* End PBXBuildFile section */

/* Begin PBXFileReference section */
		3B03E90B2A9606270040BC5C /* ContactList.app */ = {isa = PBXFileReference; explicitFileType = wrapper.application; includeInIndex = 0; path = ContactList.app; sourceTree = BUILT_PRODUCTS_DIR; };
		3B03E90E2A9606270040BC5C /* AppDelegate.swift */ = {isa = PBXFileReference; lastKnownFileType = sourcecode.swift; path = AppDelegate.swift; sourceTree = "<group>"; };
		3B03E9102A9606270040BC5C /* SceneDelegate.swift */ = {isa = PBXFileReference; lastKnownFileType = sourcecode.swift; path = SceneDelegate.swift; sourceTree = "<group>"; };
		3B03E9122A9606270040BC5C /* ContactListViewController.swift */ = {isa = PBXFileReference; lastKnownFileType = sourcecode.swift; path = ContactListViewController.swift; sourceTree = "<group>"; };
		3B03E9152A9606270040BC5C /* Base */ = {isa = PBXFileReference; lastKnownFileType = file.storyboard; name = Base; path = Base.lproj/Main.storyboard; sourceTree = "<group>"; };
		3B03E9172A9606280040BC5C /* Assets.xcassets */ = {isa = PBXFileReference; lastKnownFileType = folder.assetcatalog; path = Assets.xcassets; sourceTree = "<group>"; };
		3B03E91A2A9606280040BC5C /* Base */ = {isa = PBXFileReference; lastKnownFileType = file.storyboard; name = Base; path = Base.lproj/LaunchScreen.storyboard; sourceTree = "<group>"; };
		3B03E91C2A9606280040BC5C /* Info.plist */ = {isa = PBXFileReference; lastKnownFileType = text.plist.xml; path = Info.plist; sourceTree = "<group>"; };
		3B03E9222A9606590040BC5C /* DataStore.swift */ = {isa = PBXFileReference; lastKnownFileType = sourcecode.swift; path = DataStore.swift; sourceTree = "<group>"; };
		3B03E9242A9606700040BC5C /* Contact.swift */ = {isa = PBXFileReference; lastKnownFileType = sourcecode.swift; path = Contact.swift; sourceTree = "<group>"; };
		3B03E92D2A9648AC0040BC5C /* DetailedContactListViewController.swift */ = {isa = PBXFileReference; lastKnownFileType = sourcecode.swift; path = DetailedContactListViewController.swift; sourceTree = "<group>"; };
		3B7576512A96574700C9F00D /* InitialViewController.swift */ = {isa = PBXFileReference; lastKnownFileType = sourcecode.swift; path = InitialViewController.swift; sourceTree = "<group>"; };
		3B7576552A9664FA00C9F00D /* ContactDetailsViewController.swift */ = {isa = PBXFileReference; lastKnownFileType = sourcecode.swift; path = ContactDetailsViewController.swift; sourceTree = "<group>"; };
/* End PBXFileReference section */

/* Begin PBXFrameworksBuildPhase section */
		3B03E9082A9606270040BC5C /* Frameworks */ = {
			isa = PBXFrameworksBuildPhase;
			buildActionMask = 2147483647;
			files = (
			);
			runOnlyForDeploymentPostprocessing = 0;
		};
/* End PBXFrameworksBuildPhase section */

/* Begin PBXGroup section */
		3B03E9022A9606270040BC5C = {
			isa = PBXGroup;
			children = (
				3B03E90D2A9606270040BC5C /* ContactList */,
				3B03E90C2A9606270040BC5C /* Products */,
			);
			sourceTree = "<group>";
		};
		3B03E90C2A9606270040BC5C /* Products */ = {
			isa = PBXGroup;
			children = (
				3B03E90B2A9606270040BC5C /* ContactList.app */,
			);
			name = Products;
			sourceTree = "<group>";
		};
		3B03E90D2A9606270040BC5C /* ContactList */ = {
			isa = PBXGroup;
			children = (
				3B03E9272A9635700040BC5C /* Services */,
				3B03E9282A9635790040BC5C /* Models */,
				3B03E9292A96358C0040BC5C /* App */,
				3B03E9262A9635620040BC5C /* View Controllers */,
				3B03E92A2A9635930040BC5C /* Storyboards */,
				3B03E9172A9606280040BC5C /* Assets.xcassets */,
			);
			path = ContactList;
			sourceTree = "<group>";
		};
		3B03E9262A9635620040BC5C /* View Controllers */ = {
			isa = PBXGroup;
			children = (
				3B03E9122A9606270040BC5C /* ContactListViewController.swift */,
				3B7576552A9664FA00C9F00D /* ContactDetailsViewController.swift */,
				3B03E92D2A9648AC0040BC5C /* DetailedContactListViewController.swift */,
				3B7576512A96574700C9F00D /* InitialViewController.swift */,
			);
			path = "View Controllers";
			sourceTree = "<group>";
		};
		3B03E9272A9635700040BC5C /* Services */ = {
			isa = PBXGroup;
			children = (
				3B03E9222A9606590040BC5C /* DataStore.swift */,
			);
			path = Services;
			sourceTree = "<group>";
		};
		3B03E9282A9635790040BC5C /* Models */ = {
			isa = PBXGroup;
			children = (
				3B03E9242A9606700040BC5C /* Contact.swift */,
			);
			path = Models;
			sourceTree = "<group>";
		};
		3B03E9292A96358C0040BC5C /* App */ = {
			isa = PBXGroup;
			children = (
				3B03E90E2A9606270040BC5C /* AppDelegate.swift */,
				3B03E9102A9606270040BC5C /* SceneDelegate.swift */,
				3B03E91C2A9606280040BC5C /* Info.plist */,
			);
			path = App;
			sourceTree = "<group>";
		};
		3B03E92A2A9635930040BC5C /* Storyboards */ = {
			isa = PBXGroup;
			children = (
				3B03E9142A9606270040BC5C /* Main.storyboard */,
				3B03E9192A9606280040BC5C /* LaunchScreen.storyboard */,
			);
			path = Storyboards;
			sourceTree = "<group>";
		};
/* End PBXGroup section */

/* Begin PBXNativeTarget section */
		3B03E90A2A9606270040BC5C /* ContactList */ = {
			isa = PBXNativeTarget;
			buildConfigurationList = 3B03E91F2A9606280040BC5C /* Build configuration list for PBXNativeTarget "ContactList" */;
			buildPhases = (
				3B03E9072A9606270040BC5C /* Sources */,
				3B03E9082A9606270040BC5C /* Frameworks */,
				3B03E9092A9606270040BC5C /* Resources */,
			);
			buildRules = (
			);
			dependencies = (
			);
			name = ContactList;
			productName = ContactList;
			productReference = 3B03E90B2A9606270040BC5C /* ContactList.app */;
			productType = "com.apple.product-type.application";
		};
/* End PBXNativeTarget section */

/* Begin PBXProject section */
		3B03E9032A9606270040BC5C /* Project object */ = {
			isa = PBXProject;
			attributes = {
				BuildIndependentTargetsInParallel = 1;
				LastSwiftUpdateCheck = 1430;
				LastUpgradeCheck = 1430;
				TargetAttributes = {
					3B03E90A2A9606270040BC5C = {
						CreatedOnToolsVersion = 14.3.1;
					};
				};
			};
			buildConfigurationList = 3B03E9062A9606270040BC5C /* Build configuration list for PBXProject "ContactList" */;
			compatibilityVersion = "Xcode 14.0";
			developmentRegion = en;
			hasScannedForEncodings = 0;
			knownRegions = (
				en,
				Base,
			);
			mainGroup = 3B03E9022A9606270040BC5C;
			productRefGroup = 3B03E90C2A9606270040BC5C /* Products */;
			projectDirPath = "";
			projectRoot = "";
			targets = (
				3B03E90A2A9606270040BC5C /* ContactList */,
			);
		};
/* End PBXProject section */

/* Begin PBXResourcesBuildPhase section */
		3B03E9092A9606270040BC5C /* Resources */ = {
			isa = PBXResourcesBuildPhase;
			buildActionMask = 2147483647;
			files = (
				3B03E91B2A9606280040BC5C /* LaunchScreen.storyboard in Resources */,
				3B03E9182A9606280040BC5C /* Assets.xcassets in Resources */,
				3B03E9162A9606270040BC5C /* Main.storyboard in Resources */,
			);
			runOnlyForDeploymentPostprocessing = 0;
		};
/* End PBXResourcesBuildPhase section */

/* Begin PBXSourcesBuildPhase section */
		3B03E9072A9606270040BC5C /* Sources */ = {
			isa = PBXSourcesBuildPhase;
			buildActionMask = 2147483647;
			files = (
				3B03E9132A9606270040BC5C /* ContactListViewController.swift in Sources */,
				3B03E9232A9606590040BC5C /* DataStore.swift in Sources */,
				3B03E9252A9606700040BC5C /* Contact.swift in Sources */,
				3B03E90F2A9606270040BC5C /* AppDelegate.swift in Sources */,
				3B03E92E2A9648AC0040BC5C /* DetailedContactListViewController.swift in Sources */,
				3B03E9112A9606270040BC5C /* SceneDelegate.swift in Sources */,
				3B7576562A9664FA00C9F00D /* ContactDetailsViewController.swift in Sources */,
				3B7576522A96574700C9F00D /* InitialViewController.swift in Sources */,
			);
			runOnlyForDeploymentPostprocessing = 0;
		};
/* End PBXSourcesBuildPhase section */

/* Begin PBXVariantGroup section */
		3B03E9142A9606270040BC5C /* Main.storyboard */ = {
			isa = PBXVariantGroup;
			children = (
				3B03E9152A9606270040BC5C /* Base */,
			);
			name = Main.storyboard;
			sourceTree = "<group>";
		};
		3B03E9192A9606280040BC5C /* LaunchScreen.storyboard */ = {
			isa = PBXVariantGroup;
			children = (
				3B03E91A2A9606280040BC5C /* Base */,
			);
			name = LaunchScreen.storyboard;
			sourceTree = "<group>";
		};
/* End PBXVariantGroup section */

/* Begin XCBuildConfiguration section */
		3B03E91D2A9606280040BC5C /* Debug */ = {
			isa = XCBuildConfiguration;
			buildSettings = {
				ALWAYS_SEARCH_USER_PATHS = NO;
				CLANG_ANALYZER_NONNULL = YES;
				CLANG_ANALYZER_NUMBER_OBJECT_CONVERSION = YES_AGGRESSIVE;
				CLANG_CXX_LANGUAGE_STANDARD = "gnu++20";
				CLANG_ENABLE_MODULES = YES;
				CLANG_ENABLE_OBJC_ARC = YES;
				CLANG_ENABLE_OBJC_WEAK = YES;
				CLANG_WARN_BLOCK_CAPTURE_AUTORELEASING = YES;
				CLANG_WARN_BOOL_CONVERSION = YES;
				CLANG_WARN_COMMA = YES;
				CLANG_WARN_CONSTANT_CONVERSION = YES;
				CLANG_WARN_DEPRECATED_OBJC_IMPLEMENTATIONS = YES;
				CLANG_WARN_DIRECT_OBJC_ISA_USAGE = YES_ERROR;
				CLANG_WARN_DOCUMENTATION_COMMENTS = YES;
				CLANG_WARN_EMPTY_BODY = YES;
				CLANG_WARN_ENUM_CONVERSION = YES;
				CLANG_WARN_INFINITE_RECURSION = YES;
				CLANG_WARN_INT_CONVERSION = YES;
				CLANG_WARN_NON_LITERAL_NULL_CONVERSION = YES;
				CLANG_WARN_OBJC_IMPLICIT_RETAIN_SELF = YES;
				CLANG_WARN_OBJC_LITERAL_CONVERSION = YES;
				CLANG_WARN_OBJC_ROOT_CLASS = YES_ERROR;
				CLANG_WARN_QUOTED_INCLUDE_IN_FRAMEWORK_HEADER = YES;
				CLANG_WARN_RANGE_LOOP_ANALYSIS = YES;
				CLANG_WARN_STRICT_PROTOTYPES = YES;
				CLANG_WARN_SUSPICIOUS_MOVE = YES;
				CLANG_WARN_UNGUARDED_AVAILABILITY = YES_AGGRESSIVE;
				CLANG_WARN_UNREACHABLE_CODE = YES;
				CLANG_WARN__DUPLICATE_METHOD_MATCH = YES;
				COPY_PHASE_STRIP = NO;
				DEBUG_INFORMATION_FORMAT = dwarf;
				ENABLE_STRICT_OBJC_MSGSEND = YES;
				ENABLE_TESTABILITY = YES;
				GCC_C_LANGUAGE_STANDARD = gnu11;
				GCC_DYNAMIC_NO_PIC = NO;
				GCC_NO_COMMON_BLOCKS = YES;
				GCC_OPTIMIZATION_LEVEL = 0;
				GCC_PREPROCESSOR_DEFINITIONS = (
					"DEBUG=1",
					"$(inherited)",
				);
				GCC_WARN_64_TO_32_BIT_CONVERSION = YES;
				GCC_WARN_ABOUT_RETURN_TYPE = YES_ERROR;
				GCC_WARN_UNDECLARED_SELECTOR = YES;
				GCC_WARN_UNINITIALIZED_AUTOS = YES_AGGRESSIVE;
				GCC_WARN_UNUSED_FUNCTION = YES;
				GCC_WARN_UNUSED_VARIABLE = YES;
				IPHONEOS_DEPLOYMENT_TARGET = 16.4;
				MTL_ENABLE_DEBUG_INFO = INCLUDE_SOURCE;
				MTL_FAST_MATH = YES;
				ONLY_ACTIVE_ARCH = YES;
				SDKROOT = iphoneos;
				SWIFT_ACTIVE_COMPILATION_CONDITIONS = DEBUG;
				SWIFT_OPTIMIZATION_LEVEL = "-Onone";
			};
			name = Debug;
		};
		3B03E91E2A9606280040BC5C /* Release */ = {
			isa = XCBuildConfiguration;
			buildSettings = {
				ALWAYS_SEARCH_USER_PATHS = NO;
				CLANG_ANALYZER_NONNULL = YES;
				CLANG_ANALYZER_NUMBER_OBJECT_CONVERSION = YES_AGGRESSIVE;
				CLANG_CXX_LANGUAGE_STANDARD = "gnu++20";
				CLANG_ENABLE_MODULES = YES;
				CLANG_ENABLE_OBJC_ARC = YES;
				CLANG_ENABLE_OBJC_WEAK = YES;
				CLANG_WARN_BLOCK_CAPTURE_AUTORELEASING = YES;
				CLANG_WARN_BOOL_CONVERSION = YES;
				CLANG_WARN_COMMA = YES;
				CLANG_WARN_CONSTANT_CONVERSION = YES;
				CLANG_WARN_DEPRECATED_OBJC_IMPLEMENTATIONS = YES;
				CLANG_WARN_DIRECT_OBJC_ISA_USAGE = YES_ERROR;
				CLANG_WARN_DOCUMENTATION_COMMENTS = YES;
				CLANG_WARN_EMPTY_BODY = YES;
				CLANG_WARN_ENUM_CONVERSION = YES;
				CLANG_WARN_INFINITE_RECURSION = YES;
				CLANG_WARN_INT_CONVERSION = YES;
				CLANG_WARN_NON_LITERAL_NULL_CONVERSION = YES;
				CLANG_WARN_OBJC_IMPLICIT_RETAIN_SELF = YES;
				CLANG_WARN_OBJC_LITERAL_CONVERSION = YES;
				CLANG_WARN_OBJC_ROOT_CLASS = YES_ERROR;
				CLANG_WARN_QUOTED_INCLUDE_IN_FRAMEWORK_HEADER = YES;
				CLANG_WARN_RANGE_LOOP_ANALYSIS = YES;
				CLANG_WARN_STRICT_PROTOTYPES = YES;
				CLANG_WARN_SUSPICIOUS_MOVE = YES;
				CLANG_WARN_UNGUARDED_AVAILABILITY = YES_AGGRESSIVE;
				CLANG_WARN_UNREACHABLE_CODE = YES;
				CLANG_WARN__DUPLICATE_METHOD_MATCH = YES;
				COPY_PHASE_STRIP = NO;
				DEBUG_INFORMATION_FORMAT = "dwarf-with-dsym";
				ENABLE_NS_ASSERTIONS = NO;
				ENABLE_STRICT_OBJC_MSGSEND = YES;
				GCC_C_LANGUAGE_STANDARD = gnu11;
				GCC_NO_COMMON_BLOCKS = YES;
				GCC_WARN_64_TO_32_BIT_CONVERSION = YES;
				GCC_WARN_ABOUT_RETURN_TYPE = YES_ERROR;
				GCC_WARN_UNDECLARED_SELECTOR = YES;
				GCC_WARN_UNINITIALIZED_AUTOS = YES_AGGRESSIVE;
				GCC_WARN_UNUSED_FUNCTION = YES;
				GCC_WARN_UNUSED_VARIABLE = YES;
				IPHONEOS_DEPLOYMENT_TARGET = 16.4;
				MTL_ENABLE_DEBUG_INFO = NO;
				MTL_FAST_MATH = YES;
				SDKROOT = iphoneos;
				SWIFT_COMPILATION_MODE = wholemodule;
				SWIFT_OPTIMIZATION_LEVEL = "-O";
				VALIDATE_PRODUCT = YES;
			};
			name = Release;
		};
		3B03E9202A9606280040BC5C /* Debug */ = {
			isa = XCBuildConfiguration;
			buildSettings = {
				ASSETCATALOG_COMPILER_APPICON_NAME = AppIcon;
				ASSETCATALOG_COMPILER_GLOBAL_ACCENT_COLOR_NAME = AccentColor;
				CODE_SIGN_STYLE = Automatic;
				CURRENT_PROJECT_VERSION = 1;
				DEVELOPMENT_TEAM = V9G337EK28;
				GENERATE_INFOPLIST_FILE = YES;
				INFOPLIST_FILE = ContactList/App/Info.plist;
				INFOPLIST_KEY_UIApplicationSupportsIndirectInputEvents = YES;
				INFOPLIST_KEY_UILaunchStoryboardName = LaunchScreen;
				INFOPLIST_KEY_UIMainStoryboardFile = Main;
				INFOPLIST_KEY_UISupportedInterfaceOrientations = UIInterfaceOrientationPortrait;
				INFOPLIST_KEY_UISupportedInterfaceOrientations_iPad = "UIInterfaceOrientationLandscapeLeft UIInterfaceOrientationLandscapeRight UIInterfaceOrientationPortrait UIInterfaceOrientationPortraitUpsideDown";
				IPHONEOS_DEPLOYMENT_TARGET = 15.0;
				LD_RUNPATH_SEARCH_PATHS = (
					"$(inherited)",
					"@executable_path/Frameworks",
				);
				MARKETING_VERSION = 1.0;
				PRODUCT_BUNDLE_IDENTIFIER = com.swiftbook.hw.ContactList;
				PRODUCT_NAME = "$(TARGET_NAME)";
				SUPPORTED_PLATFORMS = "iphoneos iphonesimulator";
				SUPPORTS_MACCATALYST = NO;
				SUPPORTS_MAC_DESIGNED_FOR_IPHONE_IPAD = NO;
				SWIFT_EMIT_LOC_STRINGS = YES;
				SWIFT_VERSION = 5.0;
				TARGETED_DEVICE_FAMILY = 1;
			};
			name = Debug;
		};
		3B03E9212A9606280040BC5C /* Release */ = {
			isa = XCBuildConfiguration;
			buildSettings = {
				ASSETCATALOG_COMPILER_APPICON_NAME = AppIcon;
				ASSETCATALOG_COMPILER_GLOBAL_ACCENT_COLOR_NAME = AccentColor;
				CODE_SIGN_STYLE = Automatic;
				CURRENT_PROJECT_VERSION = 1;
				DEVELOPMENT_TEAM = V9G337EK28;
				GENERATE_INFOPLIST_FILE = YES;
				INFOPLIST_FILE = ContactList/App/Info.plist;
				INFOPLIST_KEY_UIApplicationSupportsIndirectInputEvents = YES;
				INFOPLIST_KEY_UILaunchStoryboardName = LaunchScreen;
				INFOPLIST_KEY_UIMainStoryboardFile = Main;
				INFOPLIST_KEY_UISupportedInterfaceOrientations = UIInterfaceOrientationPortrait;
				INFOPLIST_KEY_UISupportedInterfaceOrientations_iPad = "UIInterfaceOrientationLandscapeLeft UIInterfaceOrientationLandscapeRight UIInterfaceOrientationPortrait UIInterfaceOrientationPortraitUpsideDown";
				IPHONEOS_DEPLOYMENT_TARGET = 15.0;
				LD_RUNPATH_SEARCH_PATHS = (
					"$(inherited)",
					"@executable_path/Frameworks",
				);
				MARKETING_VERSION = 1.0;
				PRODUCT_BUNDLE_IDENTIFIER = com.swiftbook.hw.ContactList;
				PRODUCT_NAME = "$(TARGET_NAME)";
				SUPPORTED_PLATFORMS = "iphoneos iphonesimulator";
				SUPPORTS_MACCATALYST = NO;
				SUPPORTS_MAC_DESIGNED_FOR_IPHONE_IPAD = NO;
				SWIFT_EMIT_LOC_STRINGS = YES;
				SWIFT_VERSION = 5.0;
				TARGETED_DEVICE_FAMILY = 1;
			};
			name = Release;
		};
/* End XCBuildConfiguration section */

/* Begin XCConfigurationList section */
		3B03E9062A9606270040BC5C /* Build configuration list for PBXProject "ContactList" */ = {
			isa = XCConfigurationList;
			buildConfigurations = (
				3B03E91D2A9606280040BC5C /* Debug */,
				3B03E91E2A9606280040BC5C /* Release */,
			);
			defaultConfigurationIsVisible = 0;
			defaultConfigurationName = Release;
		};
		3B03E91F2A9606280040BC5C /* Build configuration list for PBXNativeTarget "ContactList" */ = {
			isa = XCConfigurationList;
			buildConfigurations = (
				3B03E9202A9606280040BC5C /* Debug */,
				3B03E9212A9606280040BC5C /* Release */,
			);
			defaultConfigurationIsVisible = 0;
			defaultConfigurationName = Release;
		};
/* End XCConfigurationList section */
	};
	rootObject = 3B03E9032A9606270040BC5C /* Project object */;
}
